
Microsoft Visual Studio Solution File, Format Version 12.00
# Visual Studio 15
VisualStudioVersion = 15.0.28307.1231
MinimumVisualStudioVersion = 10.0.40219.1
Project("{FAE04EC0-301F-11D3-BF4B-00C04F79EFBC}") = "UnitTest", "UnitTest\UnitTest.csproj", "{7092162F-491E-4F62-A6C2-4CE6B6A8A9C6}"
EndProject
Global
	GlobalSection(SolutionConfigurationPlatforms) = preSolution
		Debug|Any CPU = Debug|Any CPU
		Release|Any CPU = Release|Any CPU
	EndGlobalSection
	GlobalSection(ProjectConfigurationPlatforms) = postSolution
		{7092162F-491E-4F62-A6C2-4CE6B6A8A9C6}.Debug|Any CPU.ActiveCfg = Debug|Any CPU
		{7092162F-491E-4F62-A6C2-4CE6B6A8A9C6}.Debug|Any CPU.Build.0 = Debug|Any CPU
		{7092162F-491E-4F62-A6C2-4CE6B6A8A9C6}.Release|Any CPU.ActiveCfg = Release|Any CPU
		{7092162F-491E-4F62-A6C2-4CE6B6A8A9C6}.Release|Any CPU.Build.0 = Release|Any CPU
	EndGlobalSection
	GlobalSection(SolutionProperties) = preSolution
		HideSolutionNode = FALSE
	EndGlobalSection
	GlobalSection(ExtensibilityGlobals) = postSolution
		SolutionGuid = {90E05B44-F3E7-499B-9B02-DBB5D73D7ECE}
	EndGlobalSection
EndGlobal
